
Microsoft Visual Studio Solution File, Format Version 12.00
# Visual Studio Version 17
VisualStudioVersion = 17.6.33723.286
MinimumVisualStudioVersion = 10.0.40219.1
Project("{FAE04EC0-301F-11D3-BF4B-00C04F79EFBC}") = "WindowsFormsApp1", "WindowsFormsApp1\WindowsFormsApp1.csproj", "{6E4C73F5-A169-46F6-8763-E4420DC74F1F}"
EndProject
Global
	GlobalSection(SolutionConfigurationPlatforms) = preSolution
		Debug|Any CPU = Debug|Any CPU
		Release|Any CPU = Release|Any CPU
	EndGlobalSection
	GlobalSection(ProjectConfigurationPlatforms) = postSolution
		{6E4C73F5-A169-46F6-8763-E4420DC74F1F}.Debug|Any CPU.ActiveCfg = Debug|Any CPU
		{6E4C73F5-A169-46F6-8763-E4420DC74F1F}.Debug|Any CPU.Build.0 = Debug|Any CPU
		{6E4C73F5-A169-46F6-8763-E4420DC74F1F}.Release|Any CPU.ActiveCfg = Release|Any CPU
		{6E4C73F5-A169-46F6-8763-E4420DC74F1F}.Release|Any CPU.Build.0 = Release|Any CPU
	EndGlobalSection
	GlobalSection(SolutionProperties) = preSolution
		HideSolutionNode = FALSE
	EndGlobalSection
	GlobalSection(ExtensibilityGlobals) = postSolution
		SolutionGuid = {C7E4CBD3-3EE1-490D-AF07-C5FA419F00B5}
	EndGlobalSection
EndGlobal
